
Microsoft Visual Studio Solution File, Format Version 12.00
# Visual Studio 15
VisualStudioVersion = 15.0.28307.329
MinimumVisualStudioVersion = 10.0.40219.1
Project("{FAE04EC0-301F-11D3-BF4B-00C04F79EFBC}") = "CustomRenderer.Android", "CustomRenderer\CustomRenderer.Android\CustomRenderer.Android.csproj", "{852F8316-AD71-47CC-9122-BA832C2C05EB}"
EndProject
Project("{FAE04EC0-301F-11D3-BF4B-00C04F79EFBC}") = "CustomRenderer.iOS", "CustomRenderer\CustomRenderer.iOS\CustomRenderer.iOS.csproj", "{0D48FEC7-A33D-42F9-A880-DCE5261A1009}"
EndProject
Project("{FAE04EC0-301F-11D3-BF4B-00C04F79EFBC}") = "CustomRenderer", "CustomRenderer\CustomRenderer\CustomRenderer.csproj", "{77F931C8-579B-4579-B6C3-EF8E220A35E4}"
EndProject
Global
	GlobalSection(SolutionConfigurationPlatforms) = preSolution
		Ad-Hoc|Any CPU = Ad-Hoc|Any CPU
		Ad-Hoc|iPhone = Ad-Hoc|iPhone
		Ad-Hoc|iPhoneSimulator = Ad-Hoc|iPhoneSimulator
		AppStore|Any CPU = AppStore|Any CPU
		AppStore|iPhone = AppStore|iPhone
		AppStore|iPhoneSimulator = AppStore|iPhoneSimulator
		Debug|Any CPU = Debug|Any CPU
		Debug|iPhone = Debug|iPhone
		Debug|iPhoneSimulator = Debug|iPhoneSimulator
		Release|Any CPU = Release|Any CPU
		Release|iPhone = Release|iPhone
		Release|iPhoneSimulator = Release|iPhoneSimulator
	EndGlobalSection
	GlobalSection(ProjectConfigurationPlatforms) = postSolution
		{852F8316-AD71-47CC-9122-BA832C2C05EB}.Ad-Hoc|Any CPU.ActiveCfg = Release|Any CPU
		{852F8316-AD71-47CC-9122-BA832C2C05EB}.Ad-Hoc|Any CPU.Build.0 = Release|Any CPU
		{852F8316-AD71-47CC-9122-BA832C2C05EB}.Ad-Hoc|Any CPU.Deploy.0 = Release|Any CPU
		{852F8316-AD71-47CC-9122-BA832C2C05EB}.Ad-Hoc|iPhone.ActiveCfg = Release|Any CPU
		{852F8316-AD71-47CC-9122-BA832C2C05EB}.Ad-Hoc|iPhone.Build.0 = Release|Any CPU
		{852F8316-AD71-47CC-9122-BA832C2C05EB}.Ad-Hoc|iPhone.Deploy.0 = Release|Any CPU
		{852F8316-AD71-47CC-9122-BA832C2C05EB}.Ad-Hoc|iPhoneSimulator.ActiveCfg = Release|Any CPU
		{852F8316-AD71-47CC-9122-BA832C2C05EB}.Ad-Hoc|iPhoneSimulator.Build.0 = Release|Any CPU
		{852F8316-AD71-47CC-9122-BA832C2C05EB}.Ad-Hoc|iPhoneSimulator.Deploy.0 = Release|Any CPU
		{852F8316-AD71-47CC-9122-BA832C2C05EB}.AppStore|Any CPU.ActiveCfg = Release|Any CPU
		{852F8316-AD71-47CC-9122-BA832C2C05EB}.AppStore|Any CPU.Build.0 = Release|Any CPU
		{852F8316-AD71-47CC-9122-BA832C2C05EB}.AppStore|Any CPU.Deploy.0 = Release|Any CPU
		{852F8316-AD71-47CC-9122-BA832C2C05EB}.AppStore|iPhone.ActiveCfg = Release|Any CPU
		{852F8316-AD71-47CC-9122-BA832C2C05EB}.AppStore|iPhone.Build.0 = Release|Any CPU
		{852F8316-AD71-47CC-9122-BA832C2C05EB}.AppStore|iPhone.Deploy.0 = Release|Any CPU
		{852F8316-AD71-47CC-9122-BA832C2C05EB}.AppStore|iPhoneSimulator.ActiveCfg = Release|Any CPU
		{852F8316-AD71-47CC-9122-BA832C2C05EB}.AppStore|iPhoneSimulator.Build.0 = Release|Any CPU
		{852F8316-AD71-47CC-9122-BA832C2C05EB}.AppStore|iPhoneSimulator.Deploy.0 = Release|Any CPU
		{852F8316-AD71-47CC-9122-BA832C2C05EB}.Debug|Any CPU.ActiveCfg = Debug|Any CPU
		{852F8316-AD71-47CC-9122-BA832C2C05EB}.Debug|Any CPU.Build.0 = Debug|Any CPU
		{852F8316-AD71-47CC-9122-BA832C2C05EB}.Debug|Any CPU.Deploy.0 = Debug|Any CPU
		{852F8316-AD71-47CC-9122-BA832C2C05EB}.Debug|iPhone.ActiveCfg = Debug|Any CPU
		{852F8316-AD71-47CC-9122-BA832C2C05EB}.Debug|iPhone.Build.0 = Debug|Any CPU
		{852F8316-AD71-47CC-9122-BA832C2C05EB}.Debug|iPhone.Deploy.0 = Debug|Any CPU
		{852F8316-AD71-47CC-9122-BA832C2C05EB}.Debug|iPhoneSimulator.ActiveCfg = Debug|Any CPU
		{852F8316-AD71-47CC-9122-BA832C2C05EB}.Debug|iPhoneSimulator.Build.0 = Debug|Any CPU
		{852F8316-AD71-47CC-9122-BA832C2C05EB}.Debug|iPhoneSimulator.Deploy.0 = Debug|Any CPU
		{852F8316-AD71-47CC-9122-BA832C2C05EB}.Release|Any CPU.ActiveCfg = Release|Any CPU
		{852F8316-AD71-47CC-9122-BA832C2C05EB}.Release|Any CPU.Build.0 = Release|Any CPU
		{852F8316-AD71-47CC-9122-BA832C2C05EB}.Release|Any CPU.Deploy.0 = Release|Any CPU
		{852F8316-AD71-47CC-9122-BA832C2C05EB}.Release|iPhone.ActiveCfg = Release|Any CPU
		{852F8316-AD71-47CC-9122-BA832C2C05EB}.Release|iPhone.Build.0 = Release|Any CPU
		{852F8316-AD71-47CC-9122-BA832C2C05EB}.Release|iPhone.Deploy.0 = Release|Any CPU
		{852F8316-AD71-47CC-9122-BA832C2C05EB}.Release|iPhoneSimulator.ActiveCfg = Release|Any CPU
		{852F8316-AD71-47CC-9122-BA832C2C05EB}.Release|iPhoneSimulator.Build.0 = Release|Any CPU
		{852F8316-AD71-47CC-9122-BA832C2C05EB}.Release|iPhoneSimulator.Deploy.0 = Release|Any CPU
		{0D48FEC7-A33D-42F9-A880-DCE5261A1009}.Ad-Hoc|Any CPU.ActiveCfg = Ad-Hoc|iPhone
		{0D48FEC7-A33D-42F9-A880-DCE5261A1009}.Ad-Hoc|Any CPU.Build.0 = Ad-Hoc|iPhone
		{0D48FEC7-A33D-42F9-A880-DCE5261A1009}.Ad-Hoc|Any CPU.Deploy.0 = Ad-Hoc|iPhone
		{0D48FEC7-A33D-42F9-A880-DCE5261A1009}.Ad-Hoc|iPhone.ActiveCfg = Ad-Hoc|iPhone
		{0D48FEC7-A33D-42F9-A880-DCE5261A1009}.Ad-Hoc|iPhone.Build.0 = Ad-Hoc|iPhone
		{0D48FEC7-A33D-42F9-A880-DCE5261A1009}.Ad-Hoc|iPhone.Deploy.0 = Ad-Hoc|iPhone
		{0D48FEC7-A33D-42F9-A880-DCE5261A1009}.Ad-Hoc|iPhoneSimulator.ActiveCfg = Ad-Hoc|iPhoneSimulator
		{0D48FEC7-A33D-42F9-A880-DCE5261A1009}.Ad-Hoc|iPhoneSimulator.Build.0 = Ad-Hoc|iPhoneSimulator
		{0D48FEC7-A33D-42F9-A880-DCE5261A1009}.Ad-Hoc|iPhoneSimulator.Deploy.0 = Ad-Hoc|iPhoneSimulator
		{0D48FEC7-A33D-42F9-A880-DCE5261A1009}.AppStore|Any CPU.ActiveCfg = AppStore|iPhone
		{0D48FEC7-A33D-42F9-A880-DCE5261A1009}.AppStore|Any CPU.Build.0 = AppStore|iPhone
		{0D48FEC7-A33D-42F9-A880-DCE5261A1009}.AppStore|Any CPU.Deploy.0 = AppStore|iPhone
		{0D48FEC7-A33D-42F9-A880-DCE5261A1009}.AppStore|iPhone.ActiveCfg = AppStore|iPhone
		{0D48FEC7-A33D-42F9-A880-DCE5261A1009}.AppStore|iPhone.Build.0 = AppStore|iPhone
		{0D48FEC7-A33D-42F9-A880-DCE5261A1009}.AppStore|iPhone.Deploy.0 = AppStore|iPhone
		{0D48FEC7-A33D-42F9-A880-DCE5261A1009}.AppStore|iPhoneSimulator.ActiveCfg = AppStore|iPhoneSimulator
		{0D48FEC7-A33D-42F9-A880-DCE5261A1009}.AppStore|iPhoneSimulator.Build.0 = AppStore|iPhoneSimulator
		{0D48FEC7-A33D-42F9-A880-DCE5261A1009}.AppStore|iPhoneSimulator.Deploy.0 = AppStore|iPhoneSimulator
		{0D48FEC7-A33D-42F9-A880-DCE5261A1009}.Debug|Any CPU.ActiveCfg = Debug|iPhoneSimulator
		{0D48FEC7-A33D-42F9-A880-DCE5261A1009}.Debug|Any CPU.Build.0 = Debug|iPhoneSimulator
		{0D48FEC7-A33D-42F9-A880-DCE5261A1009}.Debug|Any CPU.Deploy.0 = Debug|iPhoneSimulator
		{0D48FEC7-A33D-42F9-A880-DCE5261A1009}.Debug|iPhone.ActiveCfg = Debug|iPhone
		{0D48FEC7-A33D-42F9-A880-DCE5261A1009}.Debug|iPhone.Build.0 = Debug|iPhone
		{0D48FEC7-A33D-42F9-A880-DCE5261A1009}.Debug|iPhone.Deploy.0 = Debug|iPhone
		{0D48FEC7-A33D-42F9-A880-DCE5261A1009}.Debug|iPhoneSimulator.ActiveCfg = Debug|iPhoneSimulator
		{0D48FEC7-A33D-42F9-A880-DCE5261A1009}.Debug|iPhoneSimulator.Build.0 = Debug|iPhoneSimulator
		{0D48FEC7-A33D-42F9-A880-DCE5261A1009}.Debug|iPhoneSimulator.Deploy.0 = Debug|iPhoneSimulator
		{0D48FEC7-A33D-42F9-A880-DCE5261A1009}.Release|Any CPU.ActiveCfg = Release|iPhone
		{0D48FEC7-A33D-42F9-A880-DCE5261A1009}.Release|Any CPU.Build.0 = Release|iPhone
		{0D48FEC7-A33D-42F9-A880-DCE5261A1009}.Release|Any CPU.Deploy.0 = Release|iPhone
		{0D48FEC7-A33D-42F9-A880-DCE5261A1009}.Release|iPhone.ActiveCfg = Release|iPhone
		{0D48FEC7-A33D-42F9-A880-DCE5261A1009}.Release|iPhone.Build.0 = Release|iPhone
		{0D48FEC7-A33D-42F9-A880-DCE5261A1009}.Release|iPhone.Deploy.0 = Release|iPhone
		{0D48FEC7-A33D-42F9-A880-DCE5261A1009}.Release|iPhoneSimulator.ActiveCfg = Release|iPhoneSimulator
		{0D48FEC7-A33D-42F9-A880-DCE5261A1009}.Release|iPhoneSimulator.Build.0 = Release|iPhoneSimulator
		{0D48FEC7-A33D-42F9-A880-DCE5261A1009}.Release|iPhoneSimulator.Deploy.0 = Release|iPhoneSimulator
		{77F931C8-579B-4579-B6C3-EF8E220A35E4}.Ad-Hoc|Any CPU.ActiveCfg = Debug|Any CPU
		{77F931C8-579B-4579-B6C3-EF8E220A35E4}.Ad-Hoc|Any CPU.Build.0 = Debug|Any CPU
		{77F931C8-579B-4579-B6C3-EF8E220A35E4}.Ad-Hoc|Any CPU.Deploy.0 = Debug|Any CPU
		{77F931C8-579B-4579-B6C3-EF8E220A35E4}.Ad-Hoc|iPhone.ActiveCfg = Debug|Any CPU
		{77F931C8-579B-4579-B6C3-EF8E220A35E4}.Ad-Hoc|iPhone.Build.0 = Debug|Any CPU
		{77F931C8-579B-4579-B6C3-EF8E220A35E4}.Ad-Hoc|iPhone.Deploy.0 = Debug|Any CPU
		{77F931C8-579B-4579-B6C3-EF8E220A35E4}.Ad-Hoc|iPhoneSimulator.ActiveCfg = Debug|Any CPU
		{77F931C8-579B-4579-B6C3-EF8E220A35E4}.Ad-Hoc|iPhoneSimulator.Build.0 = Debug|Any CPU
		{77F931C8-579B-4579-B6C3-EF8E220A35E4}.Ad-Hoc|iPhoneSimulator.Deploy.0 = Debug|Any CPU
		{77F931C8-579B-4579-B6C3-EF8E220A35E4}.AppStore|Any CPU.ActiveCfg = Debug|Any CPU
		{77F931C8-579B-4579-B6C3-EF8E220A35E4}.AppStore|Any CPU.Build.0 = Debug|Any CPU
		{77F931C8-579B-4579-B6C3-EF8E220A35E4}.AppStore|Any CPU.Deploy.0 = Debug|Any CPU
		{77F931C8-579B-4579-B6C3-EF8E220A35E4}.AppStore|iPhone.ActiveCfg = Debug|Any CPU
		{77F931C8-579B-4579-B6C3-EF8E220A35E4}.AppStore|iPhone.Build.0 = Debug|Any CPU
		{77F931C8-579B-4579-B6C3-EF8E220A35E4}.AppStore|iPhone.Deploy.0 = Debug|Any CPU
		{77F931C8-579B-4579-B6C3-EF8E220A35E4}.AppStore|iPhoneSimulator.ActiveCfg = Debug|Any CPU
		{77F931C8-579B-4579-B6C3-EF8E220A35E4}.AppStore|iPhoneSimulator.Build.0 = Debug|Any CPU
		{77F931C8-579B-4579-B6C3-EF8E220A35E4}.AppStore|iPhoneSimulator.Deploy.0 = Debug|Any CPU
		{77F931C8-579B-4579-B6C3-EF8E220A35E4}.Debug|Any CPU.ActiveCfg = Debug|Any CPU
		{77F931C8-579B-4579-B6C3-EF8E220A35E4}.Debug|Any CPU.Build.0 = Debug|Any CPU
		{77F931C8-579B-4579-B6C3-EF8E220A35E4}.Debug|Any CPU.Deploy.0 = Debug|Any CPU
		{77F931C8-579B-4579-B6C3-EF8E220A35E4}.Debug|iPhone.ActiveCfg = Debug|Any CPU
		{77F931C8-579B-4579-B6C3-EF8E220A35E4}.Debug|iPhone.Build.0 = Debug|Any CPU
		{77F931C8-579B-4579-B6C3-EF8E220A35E4}.Debug|iPhone.Deploy.0 = Debug|Any CPU
		{77F931C8-579B-4579-B6C3-EF8E220A35E4}.Debug|iPhoneSimulator.ActiveCfg = Debug|Any CPU
		{77F931C8-579B-4579-B6C3-EF8E220A35E4}.Debug|iPhoneSimulator.Build.0 = Debug|Any CPU
		{77F931C8-579B-4579-B6C3-EF8E220A35E4}.Debug|iPhoneSimulator.Deploy.0 = Debug|Any CPU
		{77F931C8-579B-4579-B6C3-EF8E220A35E4}.Release|Any CPU.ActiveCfg = Release|Any CPU
		{77F931C8-579B-4579-B6C3-EF8E220A35E4}.Release|Any CPU.Build.0 = Release|Any CPU
		{77F931C8-579B-4579-B6C3-EF8E220A35E4}.Release|Any CPU.Deploy.0 = Release|Any CPU
		{77F931C8-579B-4579-B6C3-EF8E220A35E4}.Release|iPhone.ActiveCfg = Release|Any CPU
		{77F931C8-579B-4579-B6C3-EF8E220A35E4}.Release|iPhone.Build.0 = Release|Any CPU
		{77F931C8-579B-4579-B6C3-EF8E220A35E4}.Release|iPhone.Deploy.0 = Release|Any CPU
		{77F931C8-579B-4579-B6C3-EF8E220A35E4}.Release|iPhoneSimulator.ActiveCfg = Release|Any CPU
		{77F931C8-579B-4579-B6C3-EF8E220A35E4}.Release|iPhoneSimulator.Build.0 = Release|Any CPU
		{77F931C8-579B-4579-B6C3-EF8E220A35E4}.Release|iPhoneSimulator.Deploy.0 = Release|Any CPU
	EndGlobalSection
	GlobalSection(SolutionProperties) = preSolution
		HideSolutionNode = FALSE
	EndGlobalSection
	GlobalSection(ExtensibilityGlobals) = postSolution
		SolutionGuid = {092D8E98-04D3-4673-9EFC-A6670F67A77C}
	EndGlobalSection
EndGlobal
